
Microsoft Visual Studio Solution File, Format Version 12.00
# Visual Studio Version 17
VisualStudioVersion = 17.4.33213.308
MinimumVisualStudioVersion = 10.0.40219.1
Project("{FAE04EC0-301F-11D3-BF4B-00C04F79EFBC}") = "Student_Information_System", "Student_Information_System\Student_Information_System.csproj", "{64A46CA2-A4DC-4829-9F37-6DE75F942A2E}"
EndProject
Global
	GlobalSection(SolutionConfigurationPlatforms) = preSolution
		Debug|Any CPU = Debug|Any CPU
		Release|Any CPU = Release|Any CPU
	EndGlobalSection
	GlobalSection(ProjectConfigurationPlatforms) = postSolution
		{64A46CA2-A4DC-4829-9F37-6DE75F942A2E}.Debug|Any CPU.ActiveCfg = Debug|Any CPU
		{64A46CA2-A4DC-4829-9F37-6DE75F942A2E}.Debug|Any CPU.Build.0 = Debug|Any CPU
		{64A46CA2-A4DC-4829-9F37-6DE75F942A2E}.Release|Any CPU.ActiveCfg = Release|Any CPU
		{64A46CA2-A4DC-4829-9F37-6DE75F942A2E}.Release|Any CPU.Build.0 = Release|Any CPU
	EndGlobalSection
	GlobalSection(SolutionProperties) = preSolution
		HideSolutionNode = FALSE
	EndGlobalSection
	GlobalSection(ExtensibilityGlobals) = postSolution
		SolutionGuid = {4E393136-8E44-4E13-88AE-8BB3161581C4}
	EndGlobalSection
EndGlobal
